GEM
  remote: https://rubygems.org/
  specs:
    cmdparse (3.0.7)
    geom2d (0.4.1)
    hexapdf (1.5.0)
      cmdparse (~> 3.0, >= 3.0.3)
      geom2d (~> 0.4, >= 0.4.1)
      openssl (>= 2.2.1)
      strscan (>= 3.1.2)
    openssl (4.0.0)
    strscan (3.1.7)

PLATFORMS
  ruby
  x86_64-linux-musl

DEPENDENCIES
  hexapdf

CHECKSUMS
  cmdparse (3.0.7) sha256=f7c5cace10bec6abf853370ae095e4b97a84ed9d847b3fb38f41cc4fbc950739
  geom2d (0.4.1) sha256=ea0998ea90c4f2752e24fe13d85a4f89bee689d151316140ebcc6369bf634ed9
  hexapdf (1.5.0) sha256=05ab16c894ef59a8b65fdc5f5eeca941d7c0fc85a02c81728c3db9321d8e2438
  openssl (4.0.0) sha256=185711ed93d4e9c9a9db6efea7edb202dfe04f7d3692fbab988e3d84e498ee91
  strscan (3.1.7) sha256=5f76462b94a3ea50b44973225b7d75b2cb96d4e1bee9ef1319b99ca117b72c8c

BUNDLED WITH
  4.0.3
